
Microsoft Visual Studio Solution File, Format Version 12.00
# Visual Studio Version 17
VisualStudioVersion = 17.11.35303.130
MinimumVisualStudioVersion = 10.0.40219.1
Project("{FAE04EC0-301F-11D3-BF4B-00C04F79EFBC}") = "DebtTerms", "DebtTerms\DebtTerms.csproj", "{ED8CBAF5-1D10-4019-AEEE-0EC2C6B3C34F}"
EndProject
Global
	GlobalSection(SolutionConfigurationPlatforms) = preSolution
		Debug|Any CPU = Debug|Any CPU
		Release|Any CPU = Release|Any CPU
	EndGlobalSection
	GlobalSection(ProjectConfigurationPlatforms) = postSolution
		{ED8CBAF5-1D10-4019-AEEE-0EC2C6B3C34F}.Debug|Any CPU.ActiveCfg = Debug|Any CPU
		{ED8CBAF5-1D10-4019-AEEE-0EC2C6B3C34F}.Debug|Any CPU.Build.0 = Debug|Any CPU
		{ED8CBAF5-1D10-4019-AEEE-0EC2C6B3C34F}.Release|Any CPU.ActiveCfg = Release|Any CPU
		{ED8CBAF5-1D10-4019-AEEE-0EC2C6B3C34F}.Release|Any CPU.Build.0 = Release|Any CPU
	EndGlobalSection
	GlobalSection(SolutionProperties) = preSolution
		HideSolutionNode = FALSE
	EndGlobalSection
	GlobalSection(ExtensibilityGlobals) = postSolution
		SolutionGuid = {50E1D8B6-F6EE-4708-A0E6-758D9DC66DE7}
	EndGlobalSection
EndGlobal
